
Microsoft Visual Studio Solution File, Format Version 11.00
# Visual Studio 2010
Project("{FAE04EC0-301F-11D3-BF4B-00C04F79EFBC}") = "CalculatorApp", "CalculatorApp\CalculatorApp.csproj", "{820D0F25-49C7-44C6-9212-676CA941C3EF}"
EndProject
Project("{FAE04EC0-301F-11D3-BF4B-00C04F79EFBC}") = "Calculator", "Calculator\Calculator.csproj", "{714CCB59-915A-4E88-9D3A-7145257E084D}"
EndProject
Global
	GlobalSection(SolutionConfigurationPlatforms) = preSolution
		Debug|Any CPU = Debug|Any CPU
		Debug|Mixed Platforms = Debug|Mixed Platforms
		Debug|x86 = Debug|x86
		Release|Any CPU = Release|Any CPU
		Release|Mixed Platforms = Release|Mixed Platforms
		Release|x86 = Release|x86
	EndGlobalSection
	GlobalSection(ProjectConfigurationPlatforms) = postSolution
		{820D0F25-49C7-44C6-9212-676CA941C3EF}.Debug|Any CPU.ActiveCfg = Debug|x86
		{820D0F25-49C7-44C6-9212-676CA941C3EF}.Debug|Mixed Platforms.ActiveCfg = Debug|x86
		{820D0F25-49C7-44C6-9212-676CA941C3EF}.Debug|Mixed Platforms.Build.0 = Debug|x86
		{820D0F25-49C7-44C6-9212-676CA941C3EF}.Debug|x86.ActiveCfg = Debug|x86
		{820D0F25-49C7-44C6-9212-676CA941C3EF}.Debug|x86.Build.0 = Debug|x86
		{820D0F25-49C7-44C6-9212-676CA941C3EF}.Release|Any CPU.ActiveCfg = Release|x86
		{820D0F25-49C7-44C6-9212-676CA941C3EF}.Release|Mixed Platforms.ActiveCfg = Release|x86
		{820D0F25-49C7-44C6-9212-676CA941C3EF}.Release|Mixed Platforms.Build.0 = Release|x86
		{820D0F25-49C7-44C6-9212-676CA941C3EF}.Release|x86.ActiveCfg = Release|x86
		{820D0F25-49C7-44C6-9212-676CA941C3EF}.Release|x86.Build.0 = Release|x86
		{714CCB59-915A-4E88-9D3A-7145257E084D}.Debug|Any CPU.ActiveCfg = Debug|Any CPU
		{714CCB59-915A-4E88-9D3A-7145257E084D}.Debug|Any CPU.Build.0 = Debug|Any CPU
		{714CCB59-915A-4E88-9D3A-7145257E084D}.Debug|Mixed Platforms.ActiveCfg = Debug|Any CPU
		{714CCB59-915A-4E88-9D3A-7145257E084D}.Debug|Mixed Platforms.Build.0 = Debug|Any CPU
		{714CCB59-915A-4E88-9D3A-7145257E084D}.Debug|x86.ActiveCfg = Debug|Any CPU
		{714CCB59-915A-4E88-9D3A-7145257E084D}.Release|Any CPU.ActiveCfg = Release|Any CPU
		{714CCB59-915A-4E88-9D3A-7145257E084D}.Release|Any CPU.Build.0 = Release|Any CPU
		{714CCB59-915A-4E88-9D3A-7145257E084D}.Release|Mixed Platforms.ActiveCfg = Release|Any CPU
		{714CCB59-915A-4E88-9D3A-7145257E084D}.Release|Mixed Platforms.Build.0 = Release|Any CPU
		{714CCB59-915A-4E88-9D3A-7145257E084D}.Release|x86.ActiveCfg = Release|Any CPU
	EndGlobalSection
	GlobalSection(SolutionProperties) = preSolution
		HideSolutionNode = FALSE
	EndGlobalSection
EndGlobal
